version = 1
requires-python = ">=3.13"

[[package]]
name = "anyio"
version = "4.12.1"
source = { registry = "https://pypi.org/simple" }
dependencies = [
    { name = "idna" },
]
sdist = { url = "https://files.pythonhosted.org/packages/96/f0/5eb65b2bb0d09ac6776f2eb54adee6abe8228ea05b20a5ad0e4945de8aac/anyio-4.12.1.tar.gz", hash = "sha256:41cfcc3a4c85d3f05c932da7c26d0201ac36f72abd4435ba90d0464a3ffed703", size = 228685 }
wheels = [
    { url = "https://files.pythonhosted.org/packages/38/0e/27be9fdef66e72d64c0cdc3cc2823101b80585f8119b5c112c2e8f5f7dab/anyio-4.12.1-py3-none-any.whl", hash = "sha256:d405828884fc140aa80a3c667b8beed277f1dfedec42ba031bd6ac3db606ab6c", size = 113592 },
]

[[package]]
name = "cbor2"
version = "5.8.0"
source = { registry = "https://pypi.org/simple" }
sdist = { url = "https://files.pythonhosted.org/packages/d9/8e/8b4fdde28e42ffcd741a37f4ffa9fb59cd4fe01625b544dfcfd9ccb54f01/cbor2-5.8.0.tar.gz", hash = "sha256:b19c35fcae9688ac01ef75bad5db27300c2537eb4ee00ed07e05d8456a0d4931", size = 107825 }
wheels = [
    { url = "https://files.pythonhosted.org/packages/a6/0d/5a3f20bafaefeb2c1903d961416f051c0950f0d09e7297a3aa6941596b29/cbor2-5.8.0-cp313-cp313-macosx_11_0_arm64.whl", hash = "sha256:6d8d104480845e2f28c6165b4c961bbe58d08cb5638f368375cfcae051c28015", size = 70332 },
    { url = "https://files.pythonhosted.org/packages/57/66/177a3f089e69db69c987453ab4934086408c3338551e4984734597be9f80/cbor2-5.8.0-cp313-cp313-manylinux2014_aarch64.manylinux_2_17_aarch64.manylinux_2_28_aarch64.whl", hash = "sha256:43efee947e5ab67d406d6e0dc61b5dee9d2f5e89ae176f90677a3741a20ca2e7", size = 285985 },
    { url = "https://files.pythonhosted.org/packages/b7/8e/9e17b8e4ed80a2ce97e2dfa5915c169dbb31599409ddb830f514b57f96cc/cbor2-5.8.0-cp313-cp313-manylinux2014_x86_64.manylinux_2_17_x86_64.manylinux_2_28_x86_64.whl", hash = "sha256:be7ae582f50be539e09c134966d0fd63723fc4789b8dff1f6c2e3f24ae3eaf32", size = 285173 },
    { url = "https://files.pythonhosted.org/packages/cc/33/9f92e107d78f88ac22723ac15d0259d220ba98c1d855e51796317f4c4114/cbor2-5.8.0-cp313-cp313-musllinux_1_2_aarch64.whl", hash = "sha256:50f5c709561a71ea7970b4cd2bf9eda4eccacc0aac212577080fdfe64183e7f5", size = 278395 },
    { url = "https://files.pythonhosted.org/packages/2f/3f/46b80050a4a35ce5cf7903693864a9fdea7213567dc8faa6e25cb375c182/cbor2-5.8.0-cp313-cp313-musllinux_1_2_x86_64.whl", hash = "sha256:a6790ecc73aa93e76d2d9076fc42bf91a9e69f2295e5fa702e776dbe986465bd", size = 278330 },
    { url = "https://files.pythonhosted.org/packages/eb/d2/d41f8c04c783a4d204e364be2d38043d4f732a3bed6f4c732e321cf34c7b/cbor2-5.8.0-cp313-cp313-win_amd64.whl", hash = "sha256:c114af8099fa65a19a514db87ce7a06e942d8fea2730afd49be39f8e16e7f5e0", size = 69841 },
    { url = "https://files.pythonhosted.org/packages/1b/8c/0397a82f6e67665009951453c83058e4c77ba54b9a9017ede56d6870306c/cbor2-5.8.0-cp313-cp313-win_arm64.whl", hash = "sha256:ab3ba00494ad8669a459b12a558448d309c271fa4f89b116ad496ee35db38fea", size = 64982 },
    { url = "https://files.pythonhosted.org/packages/4b/0c/0654233d7543ac8a50f4785f172430ddc97538ba418eb305d6e529d1a120/cbor2-5.8.0-cp314-cp314-macosx_11_0_arm64.whl", hash = "sha256:ad72381477133046ce217617d839ea4e9454f8b77d9a6351b229e214102daeb7", size = 70710 },
    { url = "https://files.pythonhosted.org/packages/84/62/4671d24e557d7f5a74a01b422c538925140c0495e57decde7e566f91d029/cbor2-5.8.0-cp314-cp314-manylinux2014_aarch64.manylinux_2_17_aarch64.manylinux_2_28_aarch64.whl", hash = "sha256:6da25190fad3434ce99876b11d4ca6b8828df6ca232cf7344cd14ae1166fb718", size = 285005 },
    { url = "https://files.pythonhosted.org/packages/87/85/0c67d763a08e848c9a80d7e4723ba497cce676f41bc7ca1828ae90a0a872/cbor2-5.8.0-cp314-cp314-manylinux2014_x86_64.manylinux_2_17_x86_64.manylinux_2_28_x86_64.whl", hash = "sha256:c13919e3a24c5a6d286551fa288848a4cedc3e507c58a722ccd134e461217d99", size = 282435 },
    { url = "https://files.pythonhosted.org/packages/b2/01/0650972b4dbfbebcfbe37cbba7fc3cd9019a8da6397ab3446e07175e342b/cbor2-5.8.0-cp314-cp314-musllinux_1_2_aarch64.whl", hash = "sha256:f8c40d32e5972047a777f9bf730870828f3cf1c43b3eb96fd0429c57a1d3b9e6", size = 277493 },
    { url = "https://files.pythonhosted.org/packages/b3/6c/7704a4f32adc7f10f3b41ec067f500a4458f7606397af5e4cf2d368fd288/cbor2-5.8.0-cp314-cp314-musllinux_1_2_x86_64.whl", hash = "sha256:7627894bc0b3d5d0807f31e3107e11b996205470c4429dc2bb4ef8bfe7f64e1e", size = 276085 },
    { url = "https://files.pythonhosted.org/packages/88/6d/e43452347630efe8133f5304127539100d937c138c0996d27ec63963ec2c/cbor2-5.8.0-cp314-cp314-win_amd64.whl", hash = "sha256:b51c5e59becae746ca4de2bbaa8a2f5c64a68fec05cea62941b1a84a8335f7d1", size = 71657 },
    { url = "https://files.pythonhosted.org/packages/8b/66/9a780ef34ab10a0437666232e885378cdd5f60197b1b5e61a62499e5a10a/cbor2-5.8.0-cp314-cp314-win_arm64.whl", hash = "sha256:53b630f4db4b9f477ad84077283dd17ecf9894738aa17ef4938c369958e02a71", size = 67171 },
    { url = "https://files.pythonhosted.org/packages/d6/4f/101071f880b4da05771128c0b89f41e334cff044dee05fb013c8f4be661c/cbor2-5.8.0-py3-none-any.whl", hash = "sha256:3727d80f539567b03a7aa11890e57798c67092c38df9e6c23abb059e0f65069c", size = 24374 },
]

[[package]]
name = "certifi"
version = "2026.1.4"
source = { registry = "https://pypi.org/simple" }
sdist = { url = "https://files.pythonhosted.org/packages/e0/2d/a891ca51311197f6ad14a7ef42e2399f36cf2f9bd44752b3dc4eab60fdc5/certifi-2026.1.4.tar.gz", hash = "sha256:ac726dd470482006e014ad384921ed6438c457018f4b3d204aea4281258b2120", size = 154268 }
wheels = [
    { url = "https://files.pythonhosted.org/packages/e6/ad/3cc14f097111b4de0040c83a525973216457bbeeb63739ef1ed275c1c021/certifi-2026.1.4-py3-none-any.whl", hash = "sha256:9943707519e4add1115f44c2bc244f782c0249876bf51b6599fee1ffbedd685c", size = 152900 },
]

[[package]]
name = "display-hata"
version = "1.0.0"
source = { virtual = "." }
dependencies = [
    { name = "httpx" },
    { name = "luma-oled" },
    { name = "psutil" },
    { name = "python-dotenv" },
    { name = "rpi-gpio", marker = "platform_machine == 'aarch64' or platform_machine == 'armv6l' or platform_machine == 'armv7l'" },
    { name = "spidev", marker = "platform_machine == 'aarch64' or platform_machine == 'armv6l' or platform_machine == 'armv7l'" },
]

[package.optional-dependencies]
dev = [
    { name = "luma-emulator" },
]

[package.metadata]
requires-dist = [
    { name = "httpx", specifier = ">=0.28.1" },
    { name = "luma-emulator", marker = "extra == 'dev'" },
    { name = "luma-oled" },
    { name = "psutil" },
    { name = "python-dotenv" },
    { name = "rpi-gpio", marker = "platform_machine == 'aarch64' or platform_machine == 'armv6l' or platform_machine == 'armv7l'" },
    { name = "spidev", marker = "platform_machine == 'aarch64' or platform_machine == 'armv6l' or platform_machine == 'armv7l'" },
]

[[package]]
name = "h11"
version = "0.16.0"
source = { registry = "https://pypi.org/simple" }
sdist = { url = "https://files.pythonhosted.org/packages/01/ee/02a2c011bdab74c6fb3c75474d40b3052059d95df7e73351460c8588d963/h11-0.16.0.tar.gz", hash = "sha256:4e35b956cf45792e4caa5885e69fba00bdbc6ffafbfa020300e549b208ee5ff1", size = 101250 }
wheels = [
    { url = "https://files.pythonhosted.org/packages/04/4b/29cac41a4d98d144bf5f6d33995617b185d14b22401f75ca86f384e87ff1/h11-0.16.0-py3-none-any.whl", hash = "sha256:63cf8bbe7522de3bf65932fda1d9c2772064ffb3dae62d55932da54b31cb6c86", size = 37515 },
]

[[package]]
name = "httpcore"
version = "1.0.9"
source = { registry = "https://pypi.org/simple" }
dependencies = [
    { name = "certifi" },
    { name = "h11" },
]
sdist = { url = "https://files.pythonhosted.org/packages/06/94/82699a10bca87a5556c9c59b5963f2d039dbd239f25bc2a63907a05a14cb/httpcore-1.0.9.tar.gz", hash = "sha256:6e34463af53fd2ab5d807f399a9b45ea31c3dfa2276f15a2c3f00afff6e176e8", size = 85484 }
wheels = [
    { url = "https://files.pythonhosted.org/packages/7e/f5/f66802a942d491edb555dd61e3a9961140fd64c90bce1eafd741609d334d/httpcore-1.0.9-py3-none-any.whl", hash = "sha256:2d400746a40668fc9dec9810239072b40b4484b640a8c38fd654a024c7a1bf55", size = 78784 },
]

[[package]]
name = "httpx"
version = "0.28.1"
source = { registry = "https://pypi.org/simple" }
dependencies = [
    { name = "anyio" },
    { name = "certifi" },
    { name = "httpcore" },
    { name = "idna" },
]
sdist = { url = "https://files.pythonhosted.org/packages/b1/df/48c586a5fe32a0f01324ee087459e112ebb7224f646c0b5023f5e79e9956/httpx-0.28.1.tar.gz", hash = "sha256:75e98c5f16b0f35b567856f597f06ff2270a374470a5c2392242528e3e3e42fc", size = 141406 }
wheels = [
    { url = "https://files.pythonhosted.org/packages/2a/39/e50c7c3a983047577ee07d2a9e53faf5a69493943ec3f6a384bdc792deb2/httpx-0.28.1-py3-none-any.whl", hash = "sha256:d909fcccc110f8c7faf814ca82a9a4d816bc5a6dbfea25d6591d6985b8ba59ad", size = 73517 },
]

[[package]]
name = "idna"
version = "3.11"
source = { registry = "https://pypi.org/simple" }
sdist = { url = "https://files.pythonhosted.org/packages/6f/6d/0703ccc57f3a7233505399edb88de3cbd678da106337b9fcde432b65ed60/idna-3.11.tar.gz", hash = "sha256:795dafcc9c04ed0c1fb032c2aa73654d8e8c5023a7df64a53f39190ada629902", size = 194582 }
wheels = [
    { url = "https://files.pythonhosted.org/packages/0e/61/66938bbb5fc52dbdf84594873d5b51fb1f7c7794e9c0f5bd885f30bc507b/idna-3.11-py3-none-any.whl", hash = "sha256:771a87f49d9defaf64091e6e6fe9c18d4833f140bd19464795bc32d966ca37ea", size = 71008 },
]

[[package]]
name = "luma-core"
version = "2.5.3"
source = { registry = "https://pypi.org/simple" }
dependencies = [
    { name = "cbor2" },
    { name = "pillow" },
    { name = "smbus2" },
]
sdist = { url = "https://files.pythonhosted.org/packages/e6/a3/0abb456daf2279483579bed6cf2a7305f93f56ab89f0f238f206fffce303/luma_core-2.5.3.tar.gz", hash = "sha256:ecfb1c12fc32f8ee6cff0f613804b2609387c17547f739d002649f2e6d56ec2f", size = 105745 }
wheels = [
    { url = "https://files.pythonhosted.org/packages/59/de/eb014859db3b59eaa35b157451121fbd8cffb96da8f4f52b4fa223fe0bc7/luma_core-2.5.3-py3-none-any.whl", hash = "sha256:ad466acb7bc805ad87cf1ed591d1d0588c3fa9900cba338d4eebf02a4226b95c", size = 72744 },
]

[[package]]
name = "luma-emulator"
version = "1.7.0"
source = { registry = "https://pypi.org/simple" }
dependencies = [
    { name = "luma-core" },
    { name = "pygame" },
]
sdist = { url = "https://files.pythonhosted.org/packages/65/ea/4962e87863341c70996b02ab3387c902b7308c153251373765d78c19ef9e/luma_emulator-1.7.0.tar.gz", hash = "sha256:0f4bc1d528fe4f4aa4a6f98c8f7120b915bba1878f67899067ba88e98250b444", size = 879307 }
wheels = [
    { url = "https://files.pythonhosted.org/packages/cf/1b/98b23ed86658b0134fefcbeea986943acfc368f3e37b5b691219edefb3eb/luma_emulator-1.7.0-py2.py3-none-any.whl", hash = "sha256:0accb342e12441bdb602c5daa8a1d54a93e09eba8f0c4be2093d7ab066dfa151", size = 27129 },
]

[[package]]
name = "luma-oled"
version = "3.14.0"
source = { registry = "https://pypi.org/simple" }
dependencies = [
    { name = "luma-core" },
]
sdist = { url = "https://files.pythonhosted.org/packages/95/a7/c5a51d4980a3a4db3b63570731eeac61f2e1142d5462f7e2866ed9d87070/luma_oled-3.14.0.tar.gz", hash = "sha256:36218565eda0614c8cf44ef42cb9a5904ddf808e4516e99ddae111fc93c5a206", size = 16429131 }
wheels = [
    { url = "https://files.pythonhosted.org/packages/08/a4/8bbfef1670dc46105e7c93508b99356e8214f9e75d0ddcf24159b654c61d/luma.oled-3.14.0-py2.py3-none-any.whl", hash = "sha256:c1a2063242e1732889be9e3508440de728bf5a5dbef8005b64248b8fd1c145fb", size = 32791 },
]

[[package]]
name = "pillow"
version = "12.1.0"
source = { registry = "https://pypi.org/simple" }
sdist = { url = "https://files.pythonhosted.org/packages/d0/02/d52c733a2452ef1ffcc123b68e6606d07276b0e358db70eabad7e40042b7/pillow-12.1.0.tar.gz", hash = "sha256:5c5ae0a06e9ea030ab786b0251b32c7e4ce10e58d983c0d5c56029455180b5b9", size = 46977283 }
wheels = [
    { url = "https://files.pythonhosted.org/packages/dd/c7/2530a4aa28248623e9d7f27316b42e27c32ec410f695929696f2e0e4a778/pillow-12.1.0-cp313-cp313-ios_13_0_arm64_iphoneos.whl", hash = "sha256:7b5dd7cbae20285cdb597b10eb5a2c13aa9de6cde9bb64a3c1317427b1db1ae1", size = 4062543 },
    { url = "https://files.pythonhosted.org/packages/8f/1f/40b8eae823dc1519b87d53c30ed9ef085506b05281d313031755c1705f73/pillow-12.1.0-cp313-cp313-ios_13_0_arm64_iphonesimulator.whl", hash = "sha256:29a4cef9cb672363926f0470afc516dbf7305a14d8c54f7abbb5c199cd8f8179", size = 4138373 },
    { url = "https://files.pythonhosted.org/packages/d4/77/6fa60634cf06e52139fd0e89e5bbf055e8166c691c42fb162818b7fda31d/pillow-12.1.0-cp313-cp313-ios_13_0_x86_64_iphonesimulator.whl", hash = "sha256:681088909d7e8fa9e31b9799aaa59ba5234c58e5e4f1951b4c4d1082a2e980e0", size = 3601241 },
    { url = "https://files.pythonhosted.org/packages/4f/bf/28ab865de622e14b747f0cd7877510848252d950e43002e224fb1c9ababf/pillow-12.1.0-cp313-cp313-macosx_10_13_x86_64.whl", hash = "sha256:983976c2ab753166dc66d36af6e8ec15bb511e4a25856e2227e5f7e00a160587", size = 5262410 },
    { url = "https://files.pythonhosted.org/packages/1c/34/583420a1b55e715937a85bd48c5c0991598247a1fd2eb5423188e765ea02/pillow-12.1.0-cp313-cp313-macosx_11_0_arm64.whl", hash = "sha256:db44d5c160a90df2d24a24760bbd37607d53da0b34fb546c4c232af7192298ac", size = 4657312 },
    { url = "https://files.pythonhosted.org/packages/1d/fd/f5a0896839762885b3376ff04878f86ab2b097c2f9a9cdccf4eda8ba8dc0/pillow-12.1.0-cp313-cp313-manylinux2014_aarch64.manylinux_2_17_aarch64.whl", hash = "sha256:6b7a9d1db5dad90e2991645874f708e87d9a3c370c243c2d7684d28f7e133e6b", size = 6232605 },
    { url = "https://files.pythonhosted.org/packages/98/aa/938a09d127ac1e70e6ed467bd03834350b33ef646b31edb7452d5de43792/pillow-12.1.0-cp313-cp313-manylinux2014_x86_64.manylinux_2_17_x86_64.whl", hash = "sha256:6258f3260986990ba2fa8a874f8b6e808cf5abb51a94015ca3dc3c68aa4f30ea", size = 8041617 },
    { url = "https://files.pythonhosted.org/packages/17/e8/538b24cb426ac0186e03f80f78bc8dc7246c667f58b540bdd57c71c9f79d/pillow-12.1.0-cp313-cp313-manylinux_2_27_aarch64.manylinux_2_28_aarch64.whl", hash = "sha256:e115c15e3bc727b1ca3e641a909f77f8ca72a64fff150f666fcc85e57701c26c", size = 6346509 },
    { url = "https://files.pythonhosted.org/packages/01/9a/632e58ec89a32738cabfd9ec418f0e9898a2b4719afc581f07c04a05e3c9/pillow-12.1.0-cp313-cp313-manylinux_2_27_x86_64.manylinux_2_28_x86_64.whl", hash = "sha256:6741e6f3074a35e47c77b23a4e4f2d90db3ed905cb1c5e6e0d49bff2045632bc", size = 7038117 },
    { url = "https://files.pythonhosted.org/packages/c7/a2/d40308cf86eada842ca1f3ffa45d0ca0df7e4ab33c83f81e73f5eaed136d/pillow-12.1.0-cp313-cp313-musllinux_1_2_aarch64.whl", hash = "sha256:935b9d1aed48fcfb3f838caac506f38e29621b44ccc4f8a64d575cb1b2a88644", size = 6460151 },
    { url = "https://files.pythonhosted.org/packages/f1/88/f5b058ad6453a085c5266660a1417bdad590199da1b32fb4efcff9d33b05/pillow-12.1.0-cp313-cp313-musllinux_1_2_x86_64.whl", hash = "sha256:5fee4c04aad8932da9f8f710af2c1a15a83582cfb884152a9caa79d4efcdbf9c", size = 7164534 },
    { url = "https://files.pythonhosted.org/packages/19/ce/c17334caea1db789163b5d855a5735e47995b0b5dc8745e9a3605d5f24c0/pillow-12.1.0-cp313-cp313-win32.whl", hash = "sha256:a786bf667724d84aa29b5db1c61b7bfdde380202aaca12c3461afd6b71743171", size = 6332551 },
    { url = "https://files.pythonhosted.org/packages/e5/07/74a9d941fa45c90a0d9465098fe1ec85de3e2afbdc15cc4766622d516056/pillow-12.1.0-cp313-cp313-win_amd64.whl", hash = "sha256:461f9dfdafa394c59cd6d818bdfdbab4028b83b02caadaff0ffd433faf4c9a7a", size = 7040087 },
    { url = "https://files.pythonhosted.org/packages/88/09/c99950c075a0e9053d8e880595926302575bc742b1b47fe1bbcc8d388d50/pillow-12.1.0-cp313-cp313-win_arm64.whl", hash = "sha256:9212d6b86917a2300669511ed094a9406888362e085f2431a7da985a6b124f45", size = 2452470 },
    { url = "https://files.pythonhosted.org/packages/b5/ba/970b7d85ba01f348dee4d65412476321d40ee04dcb51cd3735b9dc94eb58/pillow-12.1.0-cp313-cp313t-macosx_10_13_x86_64.whl", hash = "sha256:00162e9ca6d22b7c3ee8e61faa3c3253cd19b6a37f126cad04f2f88b306f557d", size = 5264816 },
    { url = "https://files.pythonhosted.org/packages/10/60/650f2fb55fdba7a510d836202aa52f0baac633e50ab1cf18415d332188fb/pillow-12.1.0-cp313-cp313t-macosx_11_0_arm64.whl", hash = "sha256:7d6daa89a00b58c37cb1747ec9fb7ac3bc5ffd5949f5888657dfddde6d1312e0", size = 4660472 },
    { url = "https://files.pythonhosted.org/packages/2b/c0/5273a99478956a099d533c4f46cbaa19fd69d606624f4334b85e50987a08/pillow-12.1.0-cp313-cp313t-manylinux2014_aarch64.manylinux_2_17_aarch64.whl", hash = "sha256:e2479c7f02f9d505682dc47df8c0ea1fc5e264c4d1629a5d63fe3e2334b89554", size = 6268974 },
    { url = "https://files.pythonhosted.org/packages/b4/26/0bf714bc2e73d5267887d47931d53c4ceeceea6978148ed2ab2a4e6463c4/pillow-12.1.0-cp313-cp313t-manylinux2014_x86_64.manylinux_2_17_x86_64.whl", hash = "sha256:f188d580bd870cda1e15183790d1cc2fa78f666e76077d103edf048eed9c356e", size = 8073070 },
    { url = "https://files.pythonhosted.org/packages/43/cf/1ea826200de111a9d65724c54f927f3111dc5ae297f294b370a670c17786/pillow-12.1.0-cp313-cp313t-manylinux_2_27_aarch64.manylinux_2_28_aarch64.whl", hash = "sha256:0fde7ec5538ab5095cc02df38ee99b0443ff0e1c847a045554cf5f9af1f4aa82", size = 6380176 },
    { url = "https://files.pythonhosted.org/packages/03/e0/7938dd2b2013373fd85d96e0f38d62b7a5a262af21ac274250c7ca7847c9/pillow-12.1.0-cp313-cp313t-manylinux_2_27_x86_64.manylinux_2_28_x86_64.whl", hash = "sha256:0ed07dca4a8464bada6139ab38f5382f83e5f111698caf3191cb8dbf27d908b4", size = 7067061 },
    { url = "https://files.pythonhosted.org/packages/86/ad/a2aa97d37272a929a98437a8c0ac37b3cf012f4f8721e1bd5154699b2518/pillow-12.1.0-cp313-cp313t-musllinux_1_2_aarch64.whl", hash = "sha256:f45bd71d1fa5e5749587613037b172e0b3b23159d1c00ef2fc920da6f470e6f0", size = 6491824 },
    { url = "https://files.pythonhosted.org/packages/a4/44/80e46611b288d51b115826f136fb3465653c28f491068a72d3da49b54cd4/pillow-12.1.0-cp313-cp313t-musllinux_1_2_x86_64.whl", hash = "sha256:277518bf4fe74aa91489e1b20577473b19ee70fb97c374aa50830b279f25841b", size = 7190911 },
    { url = "https://files.pythonhosted.org/packages/86/77/eacc62356b4cf81abe99ff9dbc7402750044aed02cfd6a503f7c6fc11f3e/pillow-12.1.0-cp313-cp313t-win32.whl", hash = "sha256:7315f9137087c4e0ee73a761b163fc9aa3b19f5f606a7fc08d83fd3e4379af65", size = 6336445 },
    { url = "https://files.pythonhosted.org/packages/e7/3c/57d81d0b74d218706dafccb87a87ea44262c43eef98eb3b164fd000e0491/pillow-12.1.0-cp313-cp313t-win_amd64.whl", hash = "sha256:0ddedfaa8b5f0b4ffbc2fa87b556dc59f6bb4ecb14a53b33f9189713ae8053c0", size = 7045354 },
    { url = "https://files.pythonhosted.org/packages/ac/82/8b9b97bba2e3576a340f93b044a3a3a09841170ab4c1eb0d5c93469fd32f/pillow-12.1.0-cp313-cp313t-win_arm64.whl", hash = "sha256:80941e6d573197a0c28f394753de529bb436b1ca990ed6e765cf42426abc39f8", size = 2454547 },
    { url = "https://files.pythonhosted.org/packages/8c/87/bdf971d8bbcf80a348cc3bacfcb239f5882100fe80534b0ce67a784181d8/pillow-12.1.0-cp314-cp314-ios_13_0_arm64_iphoneos.whl", hash = "sha256:5cb7bc1966d031aec37ddb9dcf15c2da5b2e9f7cc3ca7c54473a20a927e1eb91", size = 4062533 },
    { url = "https://files.pythonhosted.org/packages/ff/4f/5eb37a681c68d605eb7034c004875c81f86ec9ef51f5be4a63eadd58859a/pillow-12.1.0-cp314-cp314-ios_13_0_arm64_iphonesimulator.whl", hash = "sha256:97e9993d5ed946aba26baf9c1e8cf18adbab584b99f452ee72f7ee8acb882796", size = 4138546 },
    { url = "https://files.pythonhosted.org/packages/11/6d/19a95acb2edbace40dcd582d077b991646b7083c41b98da4ed7555b59733/pillow-12.1.0-cp314-cp314-ios_13_0_x86_64_iphonesimulator.whl", hash = "sha256:414b9a78e14ffeb98128863314e62c3f24b8a86081066625700b7985b3f529bd", size = 3601163 },
    { url = "https://files.pythonhosted.org/packages/fc/36/2b8138e51cb42e4cc39c3297713455548be855a50558c3ac2beebdc251dd/pillow-12.1.0-cp314-cp314-macosx_10_15_x86_64.whl", hash = "sha256:e6bdb408f7c9dd2a5ff2b14a3b0bb6d4deb29fb9961e6eb3ae2031ae9a5cec13", size = 5266086 },
    { url = "https://files.pythonhosted.org/packages/53/4b/649056e4d22e1caa90816bf99cef0884aed607ed38075bd75f091a607a38/pillow-12.1.0-cp314-cp314-macosx_11_0_arm64.whl", hash = "sha256:3413c2ae377550f5487991d444428f1a8ae92784aac79caa8b1e3b89b175f77e", size = 4657344 },
    { url = "https://files.pythonhosted.org/packages/6c/6b/c5742cea0f1ade0cd61485dc3d81f05261fc2276f537fbdc00802de56779/pillow-12.1.0-cp314-cp314-manylinux2014_aarch64.manylinux_2_17_aarch64.whl", hash = "sha256:e5dcbe95016e88437ecf33544ba5db21ef1b8dd6e1b434a2cb2a3d605299e643", size = 6232114 },
    { url = "https://files.pythonhosted.org/packages/bf/8f/9f521268ce22d63991601aafd3d48d5ff7280a246a1ef62d626d67b44064/pillow-12.1.0-cp314-cp314-manylinux2014_x86_64.manylinux_2_17_x86_64.whl", hash = "sha256:d0a7735df32ccbcc98b98a1ac785cc4b19b580be1bdf0aeb5c03223220ea09d5", size = 8042708 },
    { url = "https://files.pythonhosted.org/packages/1a/eb/257f38542893f021502a1bbe0c2e883c90b5cff26cc33b1584a841a06d30/pillow-12.1.0-cp314-cp314-manylinux_2_27_aarch64.manylinux_2_28_aarch64.whl", hash = "sha256:0c27407a2d1b96774cbc4a7594129cc027339fd800cd081e44497722ea1179de", size = 6347762 },
    { url = "https://files.pythonhosted.org/packages/c4/5a/8ba375025701c09b309e8d5163c5a4ce0102fa86bbf8800eb0d7ac87bc51/pillow-12.1.0-cp314-cp314-manylinux_2_27_x86_64.manylinux_2_28_x86_64.whl", hash = "sha256:15c794d74303828eaa957ff8070846d0efe8c630901a1c753fdc63850e19ecd9", size = 7039265 },
    { url = "https://files.pythonhosted.org/packages/cf/dc/cf5e4cdb3db533f539e88a7bbf9f190c64ab8a08a9bc7a4ccf55067872e4/pillow-12.1.0-cp314-cp314-musllinux_1_2_aarch64.whl", hash = "sha256:c990547452ee2800d8506c4150280757f88532f3de2a58e3022e9b179107862a", size = 6462341 },
    { url = "https://files.pythonhosted.org/packages/d0/47/0291a25ac9550677e22eda48510cfc4fa4b2ef0396448b7fbdc0a6946309/pillow-12.1.0-cp314-cp314-musllinux_1_2_x86_64.whl", hash = "sha256:b63e13dd27da389ed9475b3d28510f0f954bca0041e8e551b2a4eb1eab56a39a", size = 7165395 },
    { url = "https://files.pythonhosted.org/packages/4f/4c/e005a59393ec4d9416be06e6b45820403bb946a778e39ecec62f5b2b991e/pillow-12.1.0-cp314-cp314-win32.whl", hash = "sha256:1a949604f73eb07a8adab38c4fe50791f9919344398bdc8ac6b307f755fc7030", size = 6431413 },
    { url = "https://files.pythonhosted.org/packages/1c/af/f23697f587ac5f9095d67e31b81c95c0249cd461a9798a061ed6709b09b5/pillow-12.1.0-cp314-cp314-win_amd64.whl", hash = "sha256:4f9f6a650743f0ddee5593ac9e954ba1bdbc5e150bc066586d4f26127853ab94", size = 7176779 },
    { url = "https://files.pythonhosted.org/packages/b3/36/6a51abf8599232f3e9afbd16d52829376a68909fe14efe29084445db4b73/pillow-12.1.0-cp314-cp314-win_arm64.whl", hash = "sha256:808b99604f7873c800c4840f55ff389936ef1948e4e87645eaf3fccbc8477ac4", size = 2543105 },
    { url = "https://files.pythonhosted.org/packages/82/54/2e1dd20c8749ff225080d6ba465a0cab4387f5db0d1c5fb1439e2d99923f/pillow-12.1.0-cp314-cp314t-macosx_10_15_x86_64.whl", hash = "sha256:bc11908616c8a283cf7d664f77411a5ed2a02009b0097ff8abbba5e79128ccf2", size = 5268571 },
    { url = "https://files.pythonhosted.org/packages/57/61/571163a5ef86ec0cf30d265ac2a70ae6fc9e28413d1dc94fa37fae6bda89/pillow-12.1.0-cp314-cp314t-macosx_11_0_arm64.whl", hash = "sha256:896866d2d436563fa2a43a9d72f417874f16b5545955c54a64941e87c1376c61", size = 4660426 },
    { url = "https://files.pythonhosted.org/packages/5e/e1/53ee5163f794aef1bf84243f755ee6897a92c708505350dd1923f4afec48/pillow-12.1.0-cp314-cp314t-manylinux2014_aarch64.manylinux_2_17_aarch64.whl", hash = "sha256:8e178e3e99d3c0ea8fc64b88447f7cac8ccf058af422a6cedc690d0eadd98c51", size = 6269908 },
    { url = "https://files.pythonhosted.org/packages/bc/0b/b4b4106ff0ee1afa1dc599fde6ab230417f800279745124f6c50bcffed8e/pillow-12.1.0-cp314-cp314t-manylinux2014_x86_64.manylinux_2_17_x86_64.whl", hash = "sha256:079af2fb0c599c2ec144ba2c02766d1b55498e373b3ac64687e43849fbbef5bc", size = 8074733 },
    { url = "https://files.pythonhosted.org/packages/19/9f/80b411cbac4a732439e629a26ad3ef11907a8c7fc5377b7602f04f6fe4e7/pillow-12.1.0-cp314-cp314t-manylinux_2_27_aarch64.manylinux_2_28_aarch64.whl", hash = "sha256:bdec5e43377761c5dbca620efb69a77f6855c5a379e32ac5b158f54c84212b14", size = 6381431 },
    { url = "https://files.pythonhosted.org/packages/8f/b7/d65c45db463b66ecb6abc17c6ba6917a911202a07662247e1355ce1789e7/pillow-12.1.0-cp314-cp314t-manylinux_2_27_x86_64.manylinux_2_28_x86_64.whl", hash = "sha256:565c986f4b45c020f5421a4cea13ef294dde9509a8577f29b2fc5edc7587fff8", size = 7068529 },
    { url = "https://files.pythonhosted.org/packages/50/96/dfd4cd726b4a45ae6e3c669fc9e49deb2241312605d33aba50499e9d9bd1/pillow-12.1.0-cp314-cp314t-musllinux_1_2_aarch64.whl", hash = "sha256:43aca0a55ce1eefc0aefa6253661cb54571857b1a7b2964bd8a1e3ef4b729924", size = 6492981 },
    { url = "https://files.pythonhosted.org/packages/4d/1c/b5dc52cf713ae46033359c5ca920444f18a6359ce1020dd3e9c553ea5bc6/pillow-12.1.0-cp314-cp314t-musllinux_1_2_x86_64.whl", hash = "sha256:0deedf2ea233722476b3a81e8cdfbad786f7adbed5d848469fa59fe52396e4ef", size = 7191878 },
    { url = "https://files.pythonhosted.org/packages/53/26/c4188248bd5edaf543864fe4834aebe9c9cb4968b6f573ce014cc42d0720/pillow-12.1.0-cp314-cp314t-win32.whl", hash = "sha256:b17fbdbe01c196e7e159aacb889e091f28e61020a8abeac07b68079b6e626988", size = 6438703 },
    { url = "https://files.pythonhosted.org/packages/b8/0e/69ed296de8ea05cb03ee139cee600f424ca166e632567b2d66727f08c7ed/pillow-12.1.0-cp314-cp314t-win_amd64.whl", hash = "sha256:27b9baecb428899db6c0de572d6d305cfaf38ca1596b5c0542a5182e3e74e8c6", size = 7182927 },
    { url = "https://files.pythonhosted.org/packages/fc/f5/68334c015eed9b5cff77814258717dec591ded209ab5b6fb70e2ae873d1d/pillow-12.1.0-cp314-cp314t-win_arm64.whl", hash = "sha256:f61333d817698bdcdd0f9d7793e365ac3d2a21c1f1eb02b32ad6aefb8d8ea831", size = 2545104 },
]

[[package]]
name = "psutil"
version = "7.2.2"
source = { registry = "https://pypi.org/simple" }
sdist = { url = "https://files.pythonhosted.org/packages/aa/c6/d1ddf4abb55e93cebc4f2ed8b5d6dbad109ecb8d63748dd2b20ab5e57ebe/psutil-7.2.2.tar.gz", hash = "sha256:0746f5f8d406af344fd547f1c8daa5f5c33dbc293bb8d6a16d80b4bb88f59372", size = 493740 }
wheels = [
    { url = "https://files.pythonhosted.org/packages/51/08/510cbdb69c25a96f4ae523f733cdc963ae654904e8db864c07585ef99875/psutil-7.2.2-cp313-cp313t-macosx_10_13_x86_64.whl", hash = "sha256:2edccc433cbfa046b980b0df0171cd25bcaeb3a68fe9022db0979e7aa74a826b", size = 130595 },
    { url = "https://files.pythonhosted.org/packages/d6/f5/97baea3fe7a5a9af7436301f85490905379b1c6f2dd51fe3ecf24b4c5fbf/psutil-7.2.2-cp313-cp313t-macosx_11_0_arm64.whl", hash = "sha256:e78c8603dcd9a04c7364f1a3e670cea95d51ee865e4efb3556a3a63adef958ea", size = 131082 },
    { url = "https://files.pythonhosted.org/packages/37/d6/246513fbf9fa174af531f28412297dd05241d97a75911ac8febefa1a53c6/psutil-7.2.2-cp313-cp313t-manylinux2010_x86_64.manylinux_2_12_x86_64.manylinux_2_28_x86_64.whl", hash = "sha256:1a571f2330c966c62aeda00dd24620425d4b0cc86881c89861fbc04549e5dc63", size = 181476 },
    { url = "https://files.pythonhosted.org/packages/b8/b5/9182c9af3836cca61696dabe4fd1304e17bc56cb62f17439e1154f225dd3/psutil-7.2.2-cp313-cp313t-manylinux2014_aarch64.manylinux_2_17_aarch64.manylinux_2_28_aarch64.whl", hash = "sha256:917e891983ca3c1887b4ef36447b1e0873e70c933afc831c6b6da078ba474312", size = 184062 },
    { url = "https://files.pythonhosted.org/packages/16/ba/0756dca669f5a9300d0cbcbfae9a4c30e446dfc7440ffe43ded5724bfd93/psutil-7.2.2-cp313-cp313t-win_amd64.whl", hash = "sha256:ab486563df44c17f5173621c7b198955bd6b613fb87c71c161f827d3fb149a9b", size = 139893 },
    { url = "https://files.pythonhosted.org/packages/1c/61/8fa0e26f33623b49949346de05ec1ddaad02ed8ba64af45f40a147dbfa97/psutil-7.2.2-cp313-cp313t-win_arm64.whl", hash = "sha256:ae0aefdd8796a7737eccea863f80f81e468a1e4cf14d926bd9b6f5f2d5f90ca9", size = 135589 },
    { url = "https://files.pythonhosted.org/packages/81/69/ef179ab5ca24f32acc1dac0c247fd6a13b501fd5534dbae0e05a1c48b66d/psutil-7.2.2-cp314-cp314t-macosx_10_15_x86_64.whl", hash = "sha256:eed63d3b4d62449571547b60578c5b2c4bcccc5387148db46e0c2313dad0ee00", size = 130664 },
    { url = "https://files.pythonhosted.org/packages/7b/64/665248b557a236d3fa9efc378d60d95ef56dd0a490c2cd37dafc7660d4a9/psutil-7.2.2-cp314-cp314t-macosx_11_0_arm64.whl", hash = "sha256:7b6d09433a10592ce39b13d7be5a54fbac1d1228ed29abc880fb23df7cb694c9", size = 131087 },
    { url = "https://files.pythonhosted.org/packages/d5/2e/e6782744700d6759ebce3043dcfa661fb61e2fb752b91cdeae9af12c2178/psutil-7.2.2-cp314-cp314t-manylinux2010_x86_64.manylinux_2_12_x86_64.manylinux_2_28_x86_64.whl", hash = "sha256:1fa4ecf83bcdf6e6c8f4449aff98eefb5d0604bf88cb883d7da3d8d2d909546a", size = 182383 },
    { url = "https://files.pythonhosted.org/packages/57/49/0a41cefd10cb7505cdc04dab3eacf24c0c2cb158a998b8c7b1d27ee2c1f5/psutil-7.2.2-cp314-cp314t-manylinux2014_aarch64.manylinux_2_17_aarch64.manylinux_2_28_aarch64.whl", hash = "sha256:e452c464a02e7dc7822a05d25db4cde564444a67e58539a00f929c51eddda0cf", size = 185210 },
    { url = "https://files.pythonhosted.org/packages/dd/2c/ff9bfb544f283ba5f83ba725a3c5fec6d6b10b8f27ac1dc641c473dc390d/psutil-7.2.2-cp314-cp314t-win_amd64.whl", hash = "sha256:c7663d4e37f13e884d13994247449e9f8f574bc4655d509c3b95e9ec9e2b9dc1", size = 141228 },
    { url = "https://files.pythonhosted.org/packages/f2/fc/f8d9c31db14fcec13748d373e668bc3bed94d9077dbc17fb0eebc073233c/psutil-7.2.2-cp314-cp314t-win_arm64.whl", hash = "sha256:11fe5a4f613759764e79c65cf11ebdf26e33d6dd34336f8a337aa2996d71c841", size = 136284 },
    { url = "https://files.pythonhosted.org/packages/e7/36/5ee6e05c9bd427237b11b3937ad82bb8ad2752d72c6969314590dd0c2f6e/psutil-7.2.2-cp36-abi3-macosx_10_9_x86_64.whl", hash = "sha256:ed0cace939114f62738d808fdcecd4c869222507e266e574799e9c0faa17d486", size = 129090 },
    { url = "https://files.pythonhosted.org/packages/80/c4/f5af4c1ca8c1eeb2e92ccca14ce8effdeec651d5ab6053c589b074eda6e1/psutil-7.2.2-cp36-abi3-macosx_11_0_arm64.whl", hash = "sha256:1a7b04c10f32cc88ab39cbf606e117fd74721c831c98a27dc04578deb0c16979", size = 129859 },
    { url = "https://files.pythonhosted.org/packages/b5/70/5d8df3b09e25bce090399cf48e452d25c935ab72dad19406c77f4e828045/psutil-7.2.2-cp36-abi3-manylinux2010_x86_64.manylinux_2_12_x86_64.manylinux_2_28_x86_64.whl", hash = "sha256:076a2d2f923fd4821644f5ba89f059523da90dc9014e85f8e45a5774ca5bc6f9", size = 155560 },
    { url = "https://files.pythonhosted.org/packages/63/65/37648c0c158dc222aba51c089eb3bdfa238e621674dc42d48706e639204f/psutil-7.2.2-cp36-abi3-manylinux2014_aarch64.manylinux_2_17_aarch64.manylinux_2_28_aarch64.whl", hash = "sha256:b0726cecd84f9474419d67252add4ac0cd9811b04d61123054b9fb6f57df6e9e", size = 156997 },
    { url = "https://files.pythonhosted.org/packages/8e/13/125093eadae863ce03c6ffdbae9929430d116a246ef69866dad94da3bfbc/psutil-7.2.2-cp36-abi3-musllinux_1_2_aarch64.whl", hash = "sha256:fd04ef36b4a6d599bbdb225dd1d3f51e00105f6d48a28f006da7f9822f2606d8", size = 148972 },
    { url = "https://files.pythonhosted.org/packages/04/78/0acd37ca84ce3ddffaa92ef0f571e073faa6d8ff1f0559ab1272188ea2be/psutil-7.2.2-cp36-abi3-musllinux_1_2_x86_64.whl", hash = "sha256:b58fabe35e80b264a4e3bb23e6b96f9e45a3df7fb7eed419ac0e5947c61e47cc", size = 148266 },
    { url = "https://files.pythonhosted.org/packages/b4/90/e2159492b5426be0c1fef7acba807a03511f97c5f86b3caeda6ad92351a7/psutil-7.2.2-cp37-abi3-win_amd64.whl", hash = "sha256:eb7e81434c8d223ec4a219b5fc1c47d0417b12be7ea866e24fb5ad6e84b3d988", size = 137737 },
    { url = "https://files.pythonhosted.org/packages/8c/c7/7bb2e321574b10df20cbde462a94e2b71d05f9bbda251ef27d104668306a/psutil-7.2.2-cp37-abi3-win_arm64.whl", hash = "sha256:8c233660f575a5a89e6d4cb65d9f938126312bca76d8fe087b947b3a1aaac9ee", size = 134617 },
]

[[package]]
name = "pygame"
version = "2.6.1"
source = { registry = "https://pypi.org/simple" }
sdist = { url = "https://files.pythonhosted.org/packages/49/cc/08bba60f00541f62aaa252ce0cfbd60aebd04616c0b9574f755b583e45ae/pygame-2.6.1.tar.gz", hash = "sha256:56fb02ead529cee00d415c3e007f75e0780c655909aaa8e8bf616ee09c9feb1f", size = 14808125 }
wheels = [
    { url = "https://files.pythonhosted.org/packages/e1/91/718acf3e2a9d08a6ddcc96bd02a6f63c99ee7ba14afeaff2a51c987df0b9/pygame-2.6.1-cp313-cp313-macosx_10_13_x86_64.whl", hash = "sha256:ae6039f3a55d800db80e8010f387557b528d34d534435e0871326804df2a62f2", size = 13090765 },
    { url = "https://files.pythonhosted.org/packages/0e/c6/9cb315de851a7682d9c7568a41ea042ee98d668cb8deadc1dafcab6116f0/pygame-2.6.1-cp313-cp313-macosx_11_0_arm64.whl", hash = "sha256:2a3a1288e2e9b1e5834e425bedd5ba01a3cd4902b5c2bff8ed4a740ccfe98171", size = 12381704 },
    { url = "https://files.pythonhosted.org/packages/9f/8f/617a1196e31ae3b46be6949fbaa95b8c93ce15e0544266198c2266cc1b4d/pygame-2.6.1-cp313-cp313-manylinux_2_17_aarch64.manylinux2014_aarch64.whl", hash = "sha256:27eb17e3dc9640e4b4683074f1890e2e879827447770470c2aba9f125f74510b", size = 13581091 },
    { url = "https://files.pythonhosted.org/packages/3b/87/2851a564e40a2dad353f1c6e143465d445dab18a95281f9ea458b94f3608/pygame-2.6.1-cp313-cp313-manylinux_2_17_i686.manylinux2014_i686.whl", hash = "sha256:4c1623180e70a03c4a734deb9bac50fc9c82942ae84a3a220779062128e75f3b", size = 14273844 },
    { url = "https://files.pythonhosted.org/packages/85/b5/aa23aa2e70bcba42c989c02e7228273c30f3b44b9b264abb93eaeff43ad7/pygame-2.6.1-cp313-cp313-manylinux_2_17_x86_64.manylinux2014_x86_64.whl", hash = "sha256:ef07c0103d79492c21fced9ad68c11c32efa6801ca1920ebfd0f15fb46c78b1c", size = 13951197 },
    { url = "https://files.pythonhosted.org/packages/a6/06/29e939b34d3f1354738c7d201c51c250ad7abefefaf6f8332d962ff67c4b/pygame-2.6.1-cp313-cp313-win32.whl", hash = "sha256:3acd8c009317190c2bfd81db681ecef47d5eb108c2151d09596d9c7ea9df5c0e", size = 10249309 },
    { url = "https://files.pythonhosted.org/packages/7e/11/17f7f319ca91824b86557e9303e3b7a71991ef17fd45286bf47d7f0a38e6/pygame-2.6.1-cp313-cp313-win_amd64.whl", hash = "sha256:813af4fba5d0b2cb8e58f5d95f7910295c34067dcc290d34f1be59c48bd1ea6a", size = 10620084 },
]

[[package]]
name = "python-dotenv"
version = "1.2.1"
source = { registry = "https://pypi.org/simple" }
sdist = { url = "https://files.pythonhosted.org/packages/f0/26/19cadc79a718c5edbec86fd4919a6b6d3f681039a2f6d66d14be94e75fb9/python_dotenv-1.2.1.tar.gz", hash = "sha256:42667e897e16ab0d66954af0e60a9caa94f0fd4ecf3aaf6d2d260eec1aa36ad6", size = 44221 }
wheels = [
    { url = "https://files.pythonhosted.org/packages/14/1b/a298b06749107c305e1fe0f814c6c74aea7b2f1e10989cb30f544a1b3253/python_dotenv-1.2.1-py3-none-any.whl", hash = "sha256:b81ee9561e9ca4004139c6cbba3a238c32b03e4894671e181b671e8cb8425d61", size = 21230 },
]

[[package]]
name = "rpi-gpio"
version = "0.7.1"
source = { registry = "https://pypi.org/simple" }
sdist = { url = "https://files.pythonhosted.org/packages/c4/0f/10b524a12b3445af1c607c27b2f5ed122ef55756e29942900e5c950735f2/RPi.GPIO-0.7.1.tar.gz", hash = "sha256:cd61c4b03c37b62bba4a5acfea9862749c33c618e0295e7e90aa4713fb373b70", size = 29090 }

[[package]]
name = "smbus2"
version = "0.6.0"
source = { registry = "https://pypi.org/simple" }
sdist = { url = "https://files.pythonhosted.org/packages/4e/36/afafd43770caae69f04e21402552a8f94a072def46a002fab9357f4852ce/smbus2-0.6.0.tar.gz", hash = "sha256:9b5ff1e998e114730f9dfe0c4babbef06c92468cfb61eaa684e30f225661b95b", size = 17403 }
wheels = [
    { url = "https://files.pythonhosted.org/packages/a5/cf/2e1d6805da6f9c9b3a4358076ff2e072d828ba7fed124edc1b729e210c55/smbus2-0.6.0-py2.py3-none-any.whl", hash = "sha256:03d83d2a9a4afc5ddca0698ccabf101cb3de52bc5aefd7b76778ffb27ff654e0", size = 11849 },
]

[[package]]
name = "spidev"
version = "3.8"
source = { registry = "https://pypi.org/simple" }
sdist = { url = "https://files.pythonhosted.org/packages/67/87/039b6eeea781598015b538691bc174cc0bf77df9d4d2d3b8bf9245c0de8c/spidev-3.8.tar.gz", hash = "sha256:2bc02fb8c6312d519ebf1f4331067427c0921d3f77b8bcaf05189a2e8b8382c0", size = 13893 }
